
Microsoft Visual Studio Solution File, Format Version 12.00
# Visual Studio Version 16
VisualStudioVersion = 16.0.29709.97
MinimumVisualStudioVersion = 10.0.40219.1
Project("{FAE04EC0-301F-11D3-BF4B-00C04F79EFBC}") = "XamarinToDoList.Android", "XamarinToDoList\XamarinToDoList.Android\XamarinToDoList.Android.csproj", "{4CE47CC5-5A4A-49F9-93F7-706A7E926E31}"
EndProject
Project("{FAE04EC0-301F-11D3-BF4B-00C04F79EFBC}") = "XamarinToDoList.iOS", "XamarinToDoList\XamarinToDoList.iOS\XamarinToDoList.iOS.csproj", "{9B8B1014-8986-4387-BEF8-F81B84C3F795}"
EndProject
Project("{FAE04EC0-301F-11D3-BF4B-00C04F79EFBC}") = "XamarinToDoList", "XamarinToDoList\XamarinToDoList\XamarinToDoList.csproj", "{A2E99D0C-B228-4D00-A2A3-863C09506A2E}"
EndProject
Global
	GlobalSection(SolutionConfigurationPlatforms) = preSolution
		Debug|Any CPU = Debug|Any CPU
		Debug|iPhone = Debug|iPhone
		Debug|iPhoneSimulator = Debug|iPhoneSimulator
		Release|Any CPU = Release|Any CPU
		Release|iPhone = Release|iPhone
		Release|iPhoneSimulator = Release|iPhoneSimulator
	EndGlobalSection
	GlobalSection(ProjectConfigurationPlatforms) = postSolution
		{4CE47CC5-5A4A-49F9-93F7-706A7E926E31}.Debug|Any CPU.ActiveCfg = Debug|Any CPU
		{4CE47CC5-5A4A-49F9-93F7-706A7E926E31}.Debug|Any CPU.Build.0 = Debug|Any CPU
		{4CE47CC5-5A4A-49F9-93F7-706A7E926E31}.Debug|Any CPU.Deploy.0 = Debug|Any CPU
		{4CE47CC5-5A4A-49F9-93F7-706A7E926E31}.Debug|iPhone.ActiveCfg = Debug|Any CPU
		{4CE47CC5-5A4A-49F9-93F7-706A7E926E31}.Debug|iPhone.Build.0 = Debug|Any CPU
		{4CE47CC5-5A4A-49F9-93F7-706A7E926E31}.Debug|iPhone.Deploy.0 = Debug|Any CPU
		{4CE47CC5-5A4A-49F9-93F7-706A7E926E31}.Debug|iPhoneSimulator.ActiveCfg = Debug|Any CPU
		{4CE47CC5-5A4A-49F9-93F7-706A7E926E31}.Debug|iPhoneSimulator.Build.0 = Debug|Any CPU
		{4CE47CC5-5A4A-49F9-93F7-706A7E926E31}.Debug|iPhoneSimulator.Deploy.0 = Debug|Any CPU
		{4CE47CC5-5A4A-49F9-93F7-706A7E926E31}.Release|Any CPU.ActiveCfg = Release|Any CPU
		{4CE47CC5-5A4A-49F9-93F7-706A7E926E31}.Release|Any CPU.Build.0 = Release|Any CPU
		{4CE47CC5-5A4A-49F9-93F7-706A7E926E31}.Release|Any CPU.Deploy.0 = Release|Any CPU
		{4CE47CC5-5A4A-49F9-93F7-706A7E926E31}.Release|iPhone.ActiveCfg = Release|Any CPU
		{4CE47CC5-5A4A-49F9-93F7-706A7E926E31}.Release|iPhone.Build.0 = Release|Any CPU
		{4CE47CC5-5A4A-49F9-93F7-706A7E926E31}.Release|iPhone.Deploy.0 = Release|Any CPU
		{4CE47CC5-5A4A-49F9-93F7-706A7E926E31}.Release|iPhoneSimulator.ActiveCfg = Release|Any CPU
		{4CE47CC5-5A4A-49F9-93F7-706A7E926E31}.Release|iPhoneSimulator.Build.0 = Release|Any CPU
		{4CE47CC5-5A4A-49F9-93F7-706A7E926E31}.Release|iPhoneSimulator.Deploy.0 = Release|Any CPU
		{9B8B1014-8986-4387-BEF8-F81B84C3F795}.Debug|Any CPU.ActiveCfg = Debug|iPhoneSimulator
		{9B8B1014-8986-4387-BEF8-F81B84C3F795}.Debug|Any CPU.Build.0 = Debug|iPhoneSimulator
		{9B8B1014-8986-4387-BEF8-F81B84C3F795}.Debug|Any CPU.Deploy.0 = Debug|iPhoneSimulator
		{9B8B1014-8986-4387-BEF8-F81B84C3F795}.Debug|iPhone.ActiveCfg = Debug|iPhone
		{9B8B1014-8986-4387-BEF8-F81B84C3F795}.Debug|iPhone.Build.0 = Debug|iPhone
		{9B8B1014-8986-4387-BEF8-F81B84C3F795}.Debug|iPhone.Deploy.0 = Debug|iPhone
		{9B8B1014-8986-4387-BEF8-F81B84C3F795}.Debug|iPhoneSimulator.ActiveCfg = Debug|iPhoneSimulator
		{9B8B1014-8986-4387-BEF8-F81B84C3F795}.Debug|iPhoneSimulator.Build.0 = Debug|iPhoneSimulator
		{9B8B1014-8986-4387-BEF8-F81B84C3F795}.Debug|iPhoneSimulator.Deploy.0 = Debug|iPhoneSimulator
		{9B8B1014-8986-4387-BEF8-F81B84C3F795}.Release|Any CPU.ActiveCfg = Release|iPhone
		{9B8B1014-8986-4387-BEF8-F81B84C3F795}.Release|Any CPU.Build.0 = Release|iPhone
		{9B8B1014-8986-4387-BEF8-F81B84C3F795}.Release|Any CPU.Deploy.0 = Release|iPhone
		{9B8B1014-8986-4387-BEF8-F81B84C3F795}.Release|iPhone.ActiveCfg = Release|iPhone
		{9B8B1014-8986-4387-BEF8-F81B84C3F795}.Release|iPhone.Build.0 = Release|iPhone
		{9B8B1014-8986-4387-BEF8-F81B84C3F795}.Release|iPhone.Deploy.0 = Release|iPhone
		{9B8B1014-8986-4387-BEF8-F81B84C3F795}.Release|iPhoneSimulator.ActiveCfg = Release|iPhoneSimulator
		{9B8B1014-8986-4387-BEF8-F81B84C3F795}.Release|iPhoneSimulator.Build.0 = Release|iPhoneSimulator
		{9B8B1014-8986-4387-BEF8-F81B84C3F795}.Release|iPhoneSimulator.Deploy.0 = Release|iPhoneSimulator
		{A2E99D0C-B228-4D00-A2A3-863C09506A2E}.Debug|Any CPU.ActiveCfg = Debug|Any CPU
		{A2E99D0C-B228-4D00-A2A3-863C09506A2E}.Debug|Any CPU.Build.0 = Debug|Any CPU
		{A2E99D0C-B228-4D00-A2A3-863C09506A2E}.Debug|Any CPU.Deploy.0 = Debug|Any CPU
		{A2E99D0C-B228-4D00-A2A3-863C09506A2E}.Debug|iPhone.ActiveCfg = Debug|Any CPU
		{A2E99D0C-B228-4D00-A2A3-863C09506A2E}.Debug|iPhone.Build.0 = Debug|Any CPU
		{A2E99D0C-B228-4D00-A2A3-863C09506A2E}.Debug|iPhone.Deploy.0 = Debug|Any CPU
		{A2E99D0C-B228-4D00-A2A3-863C09506A2E}.Debug|iPhoneSimulator.ActiveCfg = Debug|Any CPU
		{A2E99D0C-B228-4D00-A2A3-863C09506A2E}.Debug|iPhoneSimulator.Build.0 = Debug|Any CPU
		{A2E99D0C-B228-4D00-A2A3-863C09506A2E}.Debug|iPhoneSimulator.Deploy.0 = Debug|Any CPU
		{A2E99D0C-B228-4D00-A2A3-863C09506A2E}.Release|Any CPU.ActiveCfg = Release|Any CPU
		{A2E99D0C-B228-4D00-A2A3-863C09506A2E}.Release|Any CPU.Build.0 = Release|Any CPU
		{A2E99D0C-B228-4D00-A2A3-863C09506A2E}.Release|Any CPU.Deploy.0 = Release|Any CPU
		{A2E99D0C-B228-4D00-A2A3-863C09506A2E}.Release|iPhone.ActiveCfg = Release|Any CPU
		{A2E99D0C-B228-4D00-A2A3-863C09506A2E}.Release|iPhone.Build.0 = Release|Any CPU
		{A2E99D0C-B228-4D00-A2A3-863C09506A2E}.Release|iPhone.Deploy.0 = Release|Any CPU
		{A2E99D0C-B228-4D00-A2A3-863C09506A2E}.Release|iPhoneSimulator.ActiveCfg = Release|Any CPU
		{A2E99D0C-B228-4D00-A2A3-863C09506A2E}.Release|iPhoneSimulator.Build.0 = Release|Any CPU
		{A2E99D0C-B228-4D00-A2A3-863C09506A2E}.Release|iPhoneSimulator.Deploy.0 = Release|Any CPU
	EndGlobalSection
	GlobalSection(SolutionProperties) = preSolution
		HideSolutionNode = FALSE
	EndGlobalSection
	GlobalSection(ExtensibilityGlobals) = postSolution
		SolutionGuid = {BDD67A7E-A28D-436C-A46F-49AEFD1267FA}
	EndGlobalSection
EndGlobal
