
Microsoft Visual Studio Solution File, Format Version 12.00
# Visual Studio Version 16
VisualStudioVersion = 16.0.29709.97
MinimumVisualStudioVersion = 10.0.40219.1
Project("{FAE04EC0-301F-11D3-BF4B-00C04F79EFBC}") = "mobilki.Android", "mobilki\mobilki.Android\mobilki.Android.csproj", "{5B033040-801C-45ED-B69F-B01610BD4D74}"
EndProject
Project("{FAE04EC0-301F-11D3-BF4B-00C04F79EFBC}") = "mobilki.iOS", "mobilki\mobilki.iOS\mobilki.iOS.csproj", "{66AFFFE4-AC15-4F3C-AE20-61F730D68E18}"
EndProject
Project("{FAE04EC0-301F-11D3-BF4B-00C04F79EFBC}") = "mobilki", "mobilki\mobilki\mobilki.csproj", "{AAE3C845-1A7A-4EBD-BC2B-016BDEEABBC1}"
EndProject
Global
	GlobalSection(SolutionConfigurationPlatforms) = preSolution
		Debug|Any CPU = Debug|Any CPU
		Debug|iPhone = Debug|iPhone
		Debug|iPhoneSimulator = Debug|iPhoneSimulator
		Release|Any CPU = Release|Any CPU
		Release|iPhone = Release|iPhone
		Release|iPhoneSimulator = Release|iPhoneSimulator
	EndGlobalSection
	GlobalSection(ProjectConfigurationPlatforms) = postSolution
		{5B033040-801C-45ED-B69F-B01610BD4D74}.Debug|Any CPU.ActiveCfg = Debug|Any CPU
		{5B033040-801C-45ED-B69F-B01610BD4D74}.Debug|Any CPU.Build.0 = Debug|Any CPU
		{5B033040-801C-45ED-B69F-B01610BD4D74}.Debug|Any CPU.Deploy.0 = Debug|Any CPU
		{5B033040-801C-45ED-B69F-B01610BD4D74}.Debug|iPhone.ActiveCfg = Debug|Any CPU
		{5B033040-801C-45ED-B69F-B01610BD4D74}.Debug|iPhone.Build.0 = Debug|Any CPU
		{5B033040-801C-45ED-B69F-B01610BD4D74}.Debug|iPhone.Deploy.0 = Debug|Any CPU
		{5B033040-801C-45ED-B69F-B01610BD4D74}.Debug|iPhoneSimulator.ActiveCfg = Debug|Any CPU
		{5B033040-801C-45ED-B69F-B01610BD4D74}.Debug|iPhoneSimulator.Build.0 = Debug|Any CPU
		{5B033040-801C-45ED-B69F-B01610BD4D74}.Debug|iPhoneSimulator.Deploy.0 = Debug|Any CPU
		{5B033040-801C-45ED-B69F-B01610BD4D74}.Release|Any CPU.ActiveCfg = Release|Any CPU
		{5B033040-801C-45ED-B69F-B01610BD4D74}.Release|Any CPU.Build.0 = Release|Any CPU
		{5B033040-801C-45ED-B69F-B01610BD4D74}.Release|Any CPU.Deploy.0 = Release|Any CPU
		{5B033040-801C-45ED-B69F-B01610BD4D74}.Release|iPhone.ActiveCfg = Release|Any CPU
		{5B033040-801C-45ED-B69F-B01610BD4D74}.Release|iPhone.Build.0 = Release|Any CPU
		{5B033040-801C-45ED-B69F-B01610BD4D74}.Release|iPhone.Deploy.0 = Release|Any CPU
		{5B033040-801C-45ED-B69F-B01610BD4D74}.Release|iPhoneSimulator.ActiveCfg = Release|Any CPU
		{5B033040-801C-45ED-B69F-B01610BD4D74}.Release|iPhoneSimulator.Build.0 = Release|Any CPU
		{5B033040-801C-45ED-B69F-B01610BD4D74}.Release|iPhoneSimulator.Deploy.0 = Release|Any CPU
		{66AFFFE4-AC15-4F3C-AE20-61F730D68E18}.Debug|Any CPU.ActiveCfg = Debug|iPhoneSimulator
		{66AFFFE4-AC15-4F3C-AE20-61F730D68E18}.Debug|Any CPU.Build.0 = Debug|iPhoneSimulator
		{66AFFFE4-AC15-4F3C-AE20-61F730D68E18}.Debug|Any CPU.Deploy.0 = Debug|iPhoneSimulator
		{66AFFFE4-AC15-4F3C-AE20-61F730D68E18}.Debug|iPhone.ActiveCfg = Debug|iPhone
		{66AFFFE4-AC15-4F3C-AE20-61F730D68E18}.Debug|iPhone.Build.0 = Debug|iPhone
		{66AFFFE4-AC15-4F3C-AE20-61F730D68E18}.Debug|iPhone.Deploy.0 = Debug|iPhone
		{66AFFFE4-AC15-4F3C-AE20-61F730D68E18}.Debug|iPhoneSimulator.ActiveCfg = Debug|iPhoneSimulator
		{66AFFFE4-AC15-4F3C-AE20-61F730D68E18}.Debug|iPhoneSimulator.Build.0 = Debug|iPhoneSimulator
		{66AFFFE4-AC15-4F3C-AE20-61F730D68E18}.Debug|iPhoneSimulator.Deploy.0 = Debug|iPhoneSimulator
		{66AFFFE4-AC15-4F3C-AE20-61F730D68E18}.Release|Any CPU.ActiveCfg = Release|iPhone
		{66AFFFE4-AC15-4F3C-AE20-61F730D68E18}.Release|Any CPU.Build.0 = Release|iPhone
		{66AFFFE4-AC15-4F3C-AE20-61F730D68E18}.Release|Any CPU.Deploy.0 = Release|iPhone
		{66AFFFE4-AC15-4F3C-AE20-61F730D68E18}.Release|iPhone.ActiveCfg = Release|iPhone
		{66AFFFE4-AC15-4F3C-AE20-61F730D68E18}.Release|iPhone.Build.0 = Release|iPhone
		{66AFFFE4-AC15-4F3C-AE20-61F730D68E18}.Release|iPhone.Deploy.0 = Release|iPhone
		{66AFFFE4-AC15-4F3C-AE20-61F730D68E18}.Release|iPhoneSimulator.ActiveCfg = Release|iPhoneSimulator
		{66AFFFE4-AC15-4F3C-AE20-61F730D68E18}.Release|iPhoneSimulator.Build.0 = Release|iPhoneSimulator
		{66AFFFE4-AC15-4F3C-AE20-61F730D68E18}.Release|iPhoneSimulator.Deploy.0 = Release|iPhoneSimulator
		{AAE3C845-1A7A-4EBD-BC2B-016BDEEABBC1}.Debug|Any CPU.ActiveCfg = Debug|Any CPU
		{AAE3C845-1A7A-4EBD-BC2B-016BDEEABBC1}.Debug|Any CPU.Build.0 = Debug|Any CPU
		{AAE3C845-1A7A-4EBD-BC2B-016BDEEABBC1}.Debug|Any CPU.Deploy.0 = Debug|Any CPU
		{AAE3C845-1A7A-4EBD-BC2B-016BDEEABBC1}.Debug|iPhone.ActiveCfg = Debug|Any CPU
		{AAE3C845-1A7A-4EBD-BC2B-016BDEEABBC1}.Debug|iPhone.Build.0 = Debug|Any CPU
		{AAE3C845-1A7A-4EBD-BC2B-016BDEEABBC1}.Debug|iPhone.Deploy.0 = Debug|Any CPU
		{AAE3C845-1A7A-4EBD-BC2B-016BDEEABBC1}.Debug|iPhoneSimulator.ActiveCfg = Debug|Any CPU
		{AAE3C845-1A7A-4EBD-BC2B-016BDEEABBC1}.Debug|iPhoneSimulator.Build.0 = Debug|Any CPU
		{AAE3C845-1A7A-4EBD-BC2B-016BDEEABBC1}.Debug|iPhoneSimulator.Deploy.0 = Debug|Any CPU
		{AAE3C845-1A7A-4EBD-BC2B-016BDEEABBC1}.Release|Any CPU.ActiveCfg = Release|Any CPU
		{AAE3C845-1A7A-4EBD-BC2B-016BDEEABBC1}.Release|Any CPU.Build.0 = Release|Any CPU
		{AAE3C845-1A7A-4EBD-BC2B-016BDEEABBC1}.Release|Any CPU.Deploy.0 = Release|Any CPU
		{AAE3C845-1A7A-4EBD-BC2B-016BDEEABBC1}.Release|iPhone.ActiveCfg = Release|Any CPU
		{AAE3C845-1A7A-4EBD-BC2B-016BDEEABBC1}.Release|iPhone.Build.0 = Release|Any CPU
		{AAE3C845-1A7A-4EBD-BC2B-016BDEEABBC1}.Release|iPhone.Deploy.0 = Release|Any CPU
		{AAE3C845-1A7A-4EBD-BC2B-016BDEEABBC1}.Release|iPhoneSimulator.ActiveCfg = Release|Any CPU
		{AAE3C845-1A7A-4EBD-BC2B-016BDEEABBC1}.Release|iPhoneSimulator.Build.0 = Release|Any CPU
		{AAE3C845-1A7A-4EBD-BC2B-016BDEEABBC1}.Release|iPhoneSimulator.Deploy.0 = Release|Any CPU
	EndGlobalSection
	GlobalSection(SolutionProperties) = preSolution
		HideSolutionNode = FALSE
	EndGlobalSection
	GlobalSection(ExtensibilityGlobals) = postSolution
		SolutionGuid = {479EB225-CAC6-4F1A-8E36-1F8614A4B5FE}
	EndGlobalSection
EndGlobal
